
Microsoft Visual Studio Solution File, Format Version 12.00
# Visual Studio Version 16
VisualStudioVersion = 16.0.31515.178
MinimumVisualStudioVersion = 10.0.40219.1
Project("{FAE04EC0-301F-11D3-BF4B-00C04F79EFBC}") = "FixedLenghtFileReader", "FixedLenghtFileReader\FixedLenghtFileReader.csproj", "{0F18A6B7-734B-42D3-9EED-A846CC8C2B6E}"
EndProject
Global
	GlobalSection(SolutionConfigurationPlatforms) = preSolution
		Debug|Any CPU = Debug|Any CPU
		Release|Any CPU = Release|Any CPU
	EndGlobalSection
	GlobalSection(ProjectConfigurationPlatforms) = postSolution
		{0F18A6B7-734B-42D3-9EED-A846CC8C2B6E}.Debug|Any CPU.ActiveCfg = Debug|Any CPU
		{0F18A6B7-734B-42D3-9EED-A846CC8C2B6E}.Debug|Any CPU.Build.0 = Debug|Any CPU
		{0F18A6B7-734B-42D3-9EED-A846CC8C2B6E}.Release|Any CPU.ActiveCfg = Release|Any CPU
		{0F18A6B7-734B-42D3-9EED-A846CC8C2B6E}.Release|Any CPU.Build.0 = Release|Any CPU
	EndGlobalSection
	GlobalSection(SolutionProperties) = preSolution
		HideSolutionNode = FALSE
	EndGlobalSection
	GlobalSection(ExtensibilityGlobals) = postSolution
		SolutionGuid = {39AFFCB8-D7BC-4205-B957-6A871C9801E2}
	EndGlobalSection
EndGlobal
